// !$*UTF8*$!
{
	archiveVersion = 1;
	classes = {
	};
	objectVersion = 56;
	objects = {

/* Begin PBXBuildFile section */
		42780DDC2B6942D900B9FE65 /* AppDelegate.swift in Sources */ = {isa = PBXBuildFile; fileRef = 42780DDB2B6942D900B9FE65 /* AppDelegate.swift */; };
		42780DDE2B6942D900B9FE65 /* SceneDelegate.swift in Sources */ = {isa = PBXBuildFile; fileRef = 42780DDD2B6942D900B9FE65 /* SceneDelegate.swift */; };
		42780DE02B6942D900B9FE65 /* ViewController.swift in Sources */ = {isa = PBXBuildFile; fileRef = 42780DDF2B6942D900B9FE65 /* ViewController.swift */; };
		42780DE32B6942D900B9FE65 /* Main.storyboard in Resources */ = {isa = PBXBuildFile; fileRef = 42780DE12B6942D900B9FE65 /* Main.storyboard */; };
		42780DE52B6942DC00B9FE65 /* Assets.xcassets in Resources */ = {isa = PBXBuildFile; fileRef = 42780DE42B6942DC00B9FE65 /* Assets.xcassets */; };
		42780DE82B6942DC00B9FE65 /* LaunchScreen.storyboard in Resources */ = {isa = PBXBuildFile; fileRef = 42780DE62B6942DC00B9FE65 /* LaunchScreen.storyboard */; };
		42780DF02B69567300B9FE65 /* Quote.swift in Sources */ = {isa = PBXBuildFile; fileRef = 42780DEF2B69567300B9FE65 /* Quote.swift */; };
		42780DF92B6D072700B9FE65 /* HolidayFree.otf in Resources */ = {isa = PBXBuildFile; fileRef = 42780DF82B6D072700B9FE65 /* HolidayFree.otf */; };
/* End PBXBuildFile section */

/* Begin PBXFileReference section */
		42780DD82B6942D900B9FE65 /* Inspiration.app */ = {isa = PBXFileReference; explicitFileType = wrapper.application; includeInIndex = 0; path = Inspiration.app; sourceTree = BUILT_PRODUCTS_DIR; };
		42780DDB2B6942D900B9FE65 /* AppDelegate.swift */ = {isa = PBXFileReference; lastKnownFileType = sourcecode.swift; path = AppDelegate.swift; sourceTree = "<group>"; };
		42780DDD2B6942D900B9FE65 /* SceneDelegate.swift */ = {isa = PBXFileReference; lastKnownFileType = sourcecode.swift; path = SceneDelegate.swift; sourceTree = "<group>"; };
		42780DDF2B6942D900B9FE65 /* ViewController.swift */ = {isa = PBXFileReference; lastKnownFileType = sourcecode.swift; path = ViewController.swift; sourceTree = "<group>"; };
		42780DE22B6942D900B9FE65 /* Base */ = {isa = PBXFileReference; lastKnownFileType = file.storyboard; name = Base; path = Base.lproj/Main.storyboard; sourceTree = "<group>"; };
		42780DE42B6942DC00B9FE65 /* Assets.xcassets */ = {isa = PBXFileReference; lastKnownFileType = folder.assetcatalog; path = Assets.xcassets; sourceTree = "<group>"; };
		42780DE72B6942DC00B9FE65 /* Base */ = {isa = PBXFileReference; lastKnownFileType = file.storyboard; name = Base; path = Base.lproj/LaunchScreen.storyboard; sourceTree = "<group>"; };
		42780DE92B6942DC00B9FE65 /* Info.plist */ = {isa = PBXFileReference; lastKnownFileType = text.plist.xml; path = Info.plist; sourceTree = "<group>"; };
		42780DEF2B69567300B9FE65 /* Quote.swift */ = {isa = PBXFileReference; lastKnownFileType = sourcecode.swift; path = Quote.swift; sourceTree = "<group>"; };
		42780DF62B6D05EF00B9FE65 /* Sometime.otf */ = {isa = PBXFileReference; lastKnownFileType = file; path = Sometime.otf; sourceTree = "<group>"; };
		42780DF82B6D072700B9FE65 /* HolidayFree.otf */ = {isa = PBXFileReference; lastKnownFileType = file; path = HolidayFree.otf; sourceTree = "<group>"; };
/* End PBXFileReference section */

/* Begin PBXFrameworksBuildPhase section */
		42780DD52B6942D900B9FE65 /* Frameworks */ = {
			isa = PBXFrameworksBuildPhase;
			buildActionMask = 2147483647;
			files = (
			);
			runOnlyForDeploymentPostprocessing = 0;
		};
/* End PBXFrameworksBuildPhase section */

/* Begin PBXGroup section */
		42780DCF2B6942D900B9FE65 = {
			isa = PBXGroup;
			children = (
				42780DDA2B6942D900B9FE65 /* Inspiration */,
				42780DD92B6942D900B9FE65 /* Products */,
			);
			sourceTree = "<group>";
		};
		42780DD92B6942D900B9FE65 /* Products */ = {
			isa = PBXGroup;
			children = (
				42780DD82B6942D900B9FE65 /* Inspiration.app */,
			);
			name = Products;
			sourceTree = "<group>";
		};
		42780DDA2B6942D900B9FE65 /* Inspiration */ = {
			isa = PBXGroup;
			children = (
				42780DF12B696DCD00B9FE65 /* Models */,
				42780DF22B696DD900B9FE65 /* ViewControllers */,
				42780DF42B696E2000B9FE65 /* Storyboards */,
				42780DF32B696DEA00B9FE65 /* App */,
				42780DE42B6942DC00B9FE65 /* Assets.xcassets */,
				42780DF52B6D053900B9FE65 /* Fonts */,
			);
			path = Inspiration;
			sourceTree = "<group>";
		};
		42780DF12B696DCD00B9FE65 /* Models */ = {
			isa = PBXGroup;
			children = (
				42780DEF2B69567300B9FE65 /* Quote.swift */,
			);
			path = Models;
			sourceTree = "<group>";
		};
		42780DF22B696DD900B9FE65 /* ViewControllers */ = {
			isa = PBXGroup;
			children = (
				42780DDF2B6942D900B9FE65 /* ViewController.swift */,
			);
			path = ViewControllers;
			sourceTree = "<group>";
		};
		42780DF32B696DEA00B9FE65 /* App */ = {
			isa = PBXGroup;
			children = (
				42780DDB2B6942D900B9FE65 /* AppDelegate.swift */,
				42780DDD2B6942D900B9FE65 /* SceneDelegate.swift */,
				42780DE92B6942DC00B9FE65 /* Info.plist */,
			);
			path = App;
			sourceTree = "<group>";
		};
		42780DF42B696E2000B9FE65 /* Storyboards */ = {
			isa = PBXGroup;
			children = (
				42780DE62B6942DC00B9FE65 /* LaunchScreen.storyboard */,
				42780DE12B6942D900B9FE65 /* Main.storyboard */,
			);
			path = Storyboards;
			sourceTree = "<group>";
		};
		42780DF52B6D053900B9FE65 /* Fonts */ = {
			isa = PBXGroup;
			children = (
				42780DF82B6D072700B9FE65 /* HolidayFree.otf */,
				42780DF62B6D05EF00B9FE65 /* Sometime.otf */,
			);
			path = Fonts;
			sourceTree = "<group>";
		};
/* End PBXGroup section */

/* Begin PBXNativeTarget section */
		42780DD72B6942D900B9FE65 /* Inspiration */ = {
			isa = PBXNativeTarget;
			buildConfigurationList = 42780DEC2B6942DC00B9FE65 /* Build configuration list for PBXNativeTarget "Inspiration" */;
			buildPhases = (
				42780DD42B6942D900B9FE65 /* Sources */,
				42780DD52B6942D900B9FE65 /* Frameworks */,
				42780DD62B6942D900B9FE65 /* Resources */,
			);
			buildRules = (
			);
			dependencies = (
			);
			name = Inspiration;
			productName = Inspiration;
			productReference = 42780DD82B6942D900B9FE65 /* Inspiration.app */;
			productType = "com.apple.product-type.application";
		};
/* End PBXNativeTarget section */

/* Begin PBXProject section */
		42780DD02B6942D900B9FE65 /* Project object */ = {
			isa = PBXProject;
			attributes = {
				BuildIndependentTargetsInParallel = 1;
				LastSwiftUpdateCheck = 1520;
				LastUpgradeCheck = 1520;
				TargetAttributes = {
					42780DD72B6942D900B9FE65 = {
						CreatedOnToolsVersion = 15.2;
					};
				};
			};
			buildConfigurationList = 42780DD32B6942D900B9FE65 /* Build configuration list for PBXProject "Inspiration" */;
			compatibilityVersion = "Xcode 14.0";
			developmentRegion = en;
			hasScannedForEncodings = 0;
			knownRegions = (
				en,
				Base,
			);
			mainGroup = 42780DCF2B6942D900B9FE65;
			productRefGroup = 42780DD92B6942D900B9FE65 /* Products */;
			projectDirPath = "";
			projectRoot = "";
			targets = (
				42780DD72B6942D900B9FE65 /* Inspiration */,
			);
		};
/* End PBXProject section */

/* Begin PBXResourcesBuildPhase section */
		42780DD62B6942D900B9FE65 /* Resources */ = {
			isa = PBXResourcesBuildPhase;
			buildActionMask = 2147483647;
			files = (
				42780DE82B6942DC00B9FE65 /* LaunchScreen.storyboard in Resources */,
				42780DE52B6942DC00B9FE65 /* Assets.xcassets in Resources */,
				42780DF92B6D072700B9FE65 /* HolidayFree.otf in Resources */,
				42780DE32B6942D900B9FE65 /* Main.storyboard in Resources */,
			);
			runOnlyForDeploymentPostprocessing = 0;
		};
/* End PBXResourcesBuildPhase section */

/* Begin PBXSourcesBuildPhase section */
		42780DD42B6942D900B9FE65 /* Sources */ = {
			isa = PBXSourcesBuildPhase;
			buildActionMask = 2147483647;
			files = (
				42780DF02B69567300B9FE65 /* Quote.swift in Sources */,
				42780DE02B6942D900B9FE65 /* ViewController.swift in Sources */,
				42780DDC2B6942D900B9FE65 /* AppDelegate.swift in Sources */,
				42780DDE2B6942D900B9FE65 /* SceneDelegate.swift in Sources */,
			);
			runOnlyForDeploymentPostprocessing = 0;
		};
/* End PBXSourcesBuildPhase section */

/* Begin PBXVariantGroup section */
		42780DE12B6942D900B9FE65 /* Main.storyboard */ = {
			isa = PBXVariantGroup;
			children = (
				42780DE22B6942D900B9FE65 /* Base */,
			);
			name = Main.storyboard;
			sourceTree = "<group>";
		};
		42780DE62B6942DC00B9FE65 /* LaunchScreen.storyboard */ = {
			isa = PBXVariantGroup;
			children = (
				42780DE72B6942DC00B9FE65 /* Base */,
			);
			name = LaunchScreen.storyboard;
			sourceTree = "<group>";
		};
/* End PBXVariantGroup section */

/* Begin XCBuildConfiguration section */
		42780DEA2B6942DC00B9FE65 /* Debug */ = {
			isa = XCBuildConfiguration;
			buildSettings = {
				ALWAYS_SEARCH_USER_PATHS = NO;
				ASSETCATALOG_COMPILER_GENERATE_SWIFT_ASSET_SYMBOL_EXTENSIONS = YES;
				CLANG_ANALYZER_NONNULL = YES;
				CLANG_ANALYZER_NUMBER_OBJECT_CONVERSION = YES_AGGRESSIVE;
				CLANG_CXX_LANGUAGE_STANDARD = "gnu++20";
				CLANG_ENABLE_MODULES = YES;
				CLANG_ENABLE_OBJC_ARC = YES;
				CLANG_ENABLE_OBJC_WEAK = YES;
				CLANG_WARN_BLOCK_CAPTURE_AUTORELEASING = YES;
				CLANG_WARN_BOOL_CONVERSION = YES;
				CLANG_WARN_COMMA = YES;
				CLANG_WARN_CONSTANT_CONVERSION = YES;
				CLANG_WARN_DEPRECATED_OBJC_IMPLEMENTATIONS = YES;
				CLANG_WARN_DIRECT_OBJC_ISA_USAGE = YES_ERROR;
				CLANG_WARN_DOCUMENTATION_COMMENTS = YES;
				CLANG_WARN_EMPTY_BODY = YES;
				CLANG_WARN_ENUM_CONVERSION = YES;
				CLANG_WARN_INFINITE_RECURSION = YES;
				CLANG_WARN_INT_CONVERSION = YES;
				CLANG_WARN_NON_LITERAL_NULL_CONVERSION = YES;
				CLANG_WARN_OBJC_IMPLICIT_RETAIN_SELF = YES;
				CLANG_WARN_OBJC_LITERAL_CONVERSION = YES;
				CLANG_WARN_OBJC_ROOT_CLASS = YES_ERROR;
				CLANG_WARN_QUOTED_INCLUDE_IN_FRAMEWORK_HEADER = YES;
				CLANG_WARN_RANGE_LOOP_ANALYSIS = YES;
				CLANG_WARN_STRICT_PROTOTYPES = YES;
				CLANG_WARN_SUSPICIOUS_MOVE = YES;
				CLANG_WARN_UNGUARDED_AVAILABILITY = YES_AGGRESSIVE;
				CLANG_WARN_UNREACHABLE_CODE = YES;
				CLANG_WARN__DUPLICATE_METHOD_MATCH = YES;
				COPY_PHASE_STRIP = NO;
				DEBUG_INFORMATION_FORMAT = dwarf;
				ENABLE_STRICT_OBJC_MSGSEND = YES;
				ENABLE_TESTABILITY = YES;
				ENABLE_USER_SCRIPT_SANDBOXING = YES;
				GCC_C_LANGUAGE_STANDARD = gnu17;
				GCC_DYNAMIC_NO_PIC = NO;
				GCC_NO_COMMON_BLOCKS = YES;
				GCC_OPTIMIZATION_LEVEL = 0;
				GCC_PREPROCESSOR_DEFINITIONS = (
					"DEBUG=1",
					"$(inherited)",
				);
				GCC_WARN_64_TO_32_BIT_CONVERSION = YES;
				GCC_WARN_ABOUT_RETURN_TYPE = YES_ERROR;
				GCC_WARN_UNDECLARED_SELECTOR = YES;
				GCC_WARN_UNINITIALIZED_AUTOS = YES_AGGRESSIVE;
				GCC_WARN_UNUSED_FUNCTION = YES;
				GCC_WARN_UNUSED_VARIABLE = YES;
				IPHONEOS_DEPLOYMENT_TARGET = 17.2;
				LOCALIZATION_PREFERS_STRING_CATALOGS = YES;
				MTL_ENABLE_DEBUG_INFO = INCLUDE_SOURCE;
				MTL_FAST_MATH = YES;
				ONLY_ACTIVE_ARCH = YES;
				SDKROOT = iphoneos;
				SWIFT_ACTIVE_COMPILATION_CONDITIONS = "DEBUG $(inherited)";
				SWIFT_OPTIMIZATION_LEVEL = "-Onone";
			};
			name = Debug;
		};
		42780DEB2B6942DC00B9FE65 /* Release */ = {
			isa = XCBuildConfiguration;
			buildSettings = {
				ALWAYS_SEARCH_USER_PATHS = NO;
				ASSETCATALOG_COMPILER_GENERATE_SWIFT_ASSET_SYMBOL_EXTENSIONS = YES;
				CLANG_ANALYZER_NONNULL = YES;
				CLANG_ANALYZER_NUMBER_OBJECT_CONVERSION = YES_AGGRESSIVE;
				CLANG_CXX_LANGUAGE_STANDARD = "gnu++20";
				CLANG_ENABLE_MODULES = YES;
				CLANG_ENABLE_OBJC_ARC = YES;
				CLANG_ENABLE_OBJC_WEAK = YES;
				CLANG_WARN_BLOCK_CAPTURE_AUTORELEASING = YES;
				CLANG_WARN_BOOL_CONVERSION = YES;
				CLANG_WARN_COMMA = YES;
				CLANG_WARN_CONSTANT_CONVERSION = YES;
				CLANG_WARN_DEPRECATED_OBJC_IMPLEMENTATIONS = YES;
				CLANG_WARN_DIRECT_OBJC_ISA_USAGE = YES_ERROR;
				CLANG_WARN_DOCUMENTATION_COMMENTS = YES;
				CLANG_WARN_EMPTY_BODY = YES;
				CLANG_WARN_ENUM_CONVERSION = YES;
				CLANG_WARN_INFINITE_RECURSION = YES;
				CLANG_WARN_INT_CONVERSION = YES;
				CLANG_WARN_NON_LITERAL_NULL_CONVERSION = YES;
				CLANG_WARN_OBJC_IMPLICIT_RETAIN_SELF = YES;
				CLANG_WARN_OBJC_LITERAL_CONVERSION = YES;
				CLANG_WARN_OBJC_ROOT_CLASS = YES_ERROR;
				CLANG_WARN_QUOTED_INCLUDE_IN_FRAMEWORK_HEADER = YES;
				CLANG_WARN_RANGE_LOOP_ANALYSIS = YES;
				CLANG_WARN_STRICT_PROTOTYPES = YES;
				CLANG_WARN_SUSPICIOUS_MOVE = YES;
				CLANG_WARN_UNGUARDED_AVAILABILITY = YES_AGGRESSIVE;
				CLANG_WARN_UNREACHABLE_CODE = YES;
				CLANG_WARN__DUPLICATE_METHOD_MATCH = YES;
				COPY_PHASE_STRIP = NO;
				DEBUG_INFORMATION_FORMAT = "dwarf-with-dsym";
				ENABLE_NS_ASSERTIONS = NO;
				ENABLE_STRICT_OBJC_MSGSEND = YES;
				ENABLE_USER_SCRIPT_SANDBOXING = YES;
				GCC_C_LANGUAGE_STANDARD = gnu17;
				GCC_NO_COMMON_BLOCKS = YES;
				GCC_WARN_64_TO_32_BIT_CONVERSION = YES;
				GCC_WARN_ABOUT_RETURN_TYPE = YES_ERROR;
				GCC_WARN_UNDECLARED_SELECTOR = YES;
				GCC_WARN_UNINITIALIZED_AUTOS = YES_AGGRESSIVE;
				GCC_WARN_UNUSED_FUNCTION = YES;
				GCC_WARN_UNUSED_VARIABLE = YES;
				IPHONEOS_DEPLOYMENT_TARGET = 17.2;
				LOCALIZATION_PREFERS_STRING_CATALOGS = YES;
				MTL_ENABLE_DEBUG_INFO = NO;
				MTL_FAST_MATH = YES;
				SDKROOT = iphoneos;
				SWIFT_COMPILATION_MODE = wholemodule;
				VALIDATE_PRODUCT = YES;
			};
			name = Release;
		};
		42780DED2B6942DC00B9FE65 /* Debug */ = {
			isa = XCBuildConfiguration;
			buildSettings = {
				ASSETCATALOG_COMPILER_APPICON_NAME = AppIcon;
				ASSETCATALOG_COMPILER_GLOBAL_ACCENT_COLOR_NAME = AccentColor;
				CODE_SIGN_STYLE = Automatic;
				CURRENT_PROJECT_VERSION = 1;
				DEVELOPMENT_TEAM = V56Y32PAW4;
				GENERATE_INFOPLIST_FILE = YES;
				INFOPLIST_FILE = Inspiration/App/Info.plist;
				INFOPLIST_KEY_CFBundleDisplayName = Inspiration;
				INFOPLIST_KEY_UIApplicationSupportsIndirectInputEvents = YES;
				INFOPLIST_KEY_UILaunchStoryboardName = LaunchScreen;
				INFOPLIST_KEY_UIMainStoryboardFile = Main;
				INFOPLIST_KEY_UISupportedInterfaceOrientations = UIInterfaceOrientationPortrait;
				INFOPLIST_KEY_UISupportedInterfaceOrientations_iPad = "UIInterfaceOrientationLandscapeLeft UIInterfaceOrientationLandscapeRight UIInterfaceOrientationPortrait UIInterfaceOrientationPortraitUpsideDown";
				LD_RUNPATH_SEARCH_PATHS = (
					"$(inherited)",
					"@executable_path/Frameworks",
				);
				MARKETING_VERSION = 1.0;
				PRODUCT_BUNDLE_IDENTIFIER = com.natashaovdina.Inspiration;
				PRODUCT_NAME = "$(TARGET_NAME)";
				SUPPORTED_PLATFORMS = "iphoneos iphonesimulator";
				SUPPORTS_MACCATALYST = NO;
				SUPPORTS_MAC_DESIGNED_FOR_IPHONE_IPAD = NO;
				SUPPORTS_XR_DESIGNED_FOR_IPHONE_IPAD = NO;
				SWIFT_EMIT_LOC_STRINGS = YES;
				SWIFT_VERSION = 5.0;
				TARGETED_DEVICE_FAMILY = 1;
			};
			name = Debug;
		};
		42780DEE2B6942DC00B9FE65 /* Release */ = {
			isa = XCBuildConfiguration;
			buildSettings = {
				ASSETCATALOG_COMPILER_APPICON_NAME = AppIcon;
				ASSETCATALOG_COMPILER_GLOBAL_ACCENT_COLOR_NAME = AccentColor;
				CODE_SIGN_STYLE = Automatic;
				CURRENT_PROJECT_VERSION = 1;
				DEVELOPMENT_TEAM = V56Y32PAW4;
				GENERATE_INFOPLIST_FILE = YES;
				INFOPLIST_FILE = Inspiration/App/Info.plist;
				INFOPLIST_KEY_CFBundleDisplayName = Inspiration;
				INFOPLIST_KEY_UIApplicationSupportsIndirectInputEvents = YES;
				INFOPLIST_KEY_UILaunchStoryboardName = LaunchScreen;
				INFOPLIST_KEY_UIMainStoryboardFile = Main;
				INFOPLIST_KEY_UISupportedInterfaceOrientations = UIInterfaceOrientationPortrait;
				INFOPLIST_KEY_UISupportedInterfaceOrientations_iPad = "UIInterfaceOrientationLandscapeLeft UIInterfaceOrientationLandscapeRight UIInterfaceOrientationPortrait UIInterfaceOrientationPortraitUpsideDown";
				LD_RUNPATH_SEARCH_PATHS = (
					"$(inherited)",
					"@executable_path/Frameworks",
				);
				MARKETING_VERSION = 1.0;
				PRODUCT_BUNDLE_IDENTIFIER = com.natashaovdina.Inspiration;
				PRODUCT_NAME = "$(TARGET_NAME)";
				SUPPORTED_PLATFORMS = "iphoneos iphonesimulator";
				SUPPORTS_MACCATALYST = NO;
				SUPPORTS_MAC_DESIGNED_FOR_IPHONE_IPAD = NO;
				SUPPORTS_XR_DESIGNED_FOR_IPHONE_IPAD = NO;
				SWIFT_EMIT_LOC_STRINGS = YES;
				SWIFT_VERSION = 5.0;
				TARGETED_DEVICE_FAMILY = 1;
			};
			name = Release;
		};
/* End XCBuildConfiguration section */

/* Begin XCConfigurationList section */
		42780DD32B6942D900B9FE65 /* Build configuration list for PBXProject "Inspiration" */ = {
			isa = XCConfigurationList;
			buildConfigurations = (
				42780DEA2B6942DC00B9FE65 /* Debug */,
				42780DEB2B6942DC00B9FE65 /* Release */,
			);
			defaultConfigurationIsVisible = 0;
			defaultConfigurationName = Release;
		};
		42780DEC2B6942DC00B9FE65 /* Build configuration list for PBXNativeTarget "Inspiration" */ = {
			isa = XCConfigurationList;
			buildConfigurations = (
				42780DED2B6942DC00B9FE65 /* Debug */,
				42780DEE2B6942DC00B9FE65 /* Release */,
			);
			defaultConfigurationIsVisible = 0;
			defaultConfigurationName = Release;
		};
/* End XCConfigurationList section */
	};
	rootObject = 42780DD02B6942D900B9FE65 /* Project object */;
}
